// !$*UTF8*$!
{
	archiveVersion = 1;
	classes = {
	};
	objectVersion = 56;
	objects = {

/* Begin PBXBuildFile section */
		0424ABA029F95A6F009BD7DF /* Episodes.swift in Sources */ = {isa = PBXBuildFile; fileRef = 0424AB9F29F95A6F009BD7DF /* Episodes.swift */; };
		0424ABA229F95A7D009BD7DF /* Location.swift in Sources */ = {isa = PBXBuildFile; fileRef = 0424ABA129F95A7D009BD7DF /* Location.swift */; };
		0424ABA429F95AA4009BD7DF /* ViewController.swift in Sources */ = {isa = PBXBuildFile; fileRef = 0424ABA329F95AA4009BD7DF /* ViewController.swift */; };
		0424ABA629F95AB3009BD7DF /* RegisterViewController.swift in Sources */ = {isa = PBXBuildFile; fileRef = 0424ABA529F95AB3009BD7DF /* RegisterViewController.swift */; };
		0424ABA829F95ABE009BD7DF /* ForgotPasswordViewController.swift in Sources */ = {isa = PBXBuildFile; fileRef = 0424ABA729F95ABE009BD7DF /* ForgotPasswordViewController.swift */; };
		0424ABAC29F95AF7009BD7DF /* Constants.swift in Sources */ = {isa = PBXBuildFile; fileRef = 0424ABAB29F95AF7009BD7DF /* Constants.swift */; };
		0424ABAF29F95B27009BD7DF /* Extentions + ViewController.swift in Sources */ = {isa = PBXBuildFile; fileRef = 0424ABAE29F95B27009BD7DF /* Extentions + ViewController.swift */; };
		0424ABB129F95B36009BD7DF /* Extentions + ForgotPassword.swift in Sources */ = {isa = PBXBuildFile; fileRef = 0424ABB029F95B36009BD7DF /* Extentions + ForgotPassword.swift */; };
		0424ABB429F95B5B009BD7DF /* Extentions + RegisterViewController.swift in Sources */ = {isa = PBXBuildFile; fileRef = 0424ABB329F95B5B009BD7DF /* Extentions + RegisterViewController.swift */; };
		0424ABB629F95CC4009BD7DF /* GoogleService-Info-5.plist in Resources */ = {isa = PBXBuildFile; fileRef = 0424ABB529F95CC4009BD7DF /* GoogleService-Info-5.plist */; };
		38AABF2C29F95F1100883A4F /* Settings in Resources */ = {isa = PBXBuildFile; fileRef = 38AABF2B29F95F1100883A4F /* Settings */; };
		38AABF2E29F9640100883A4F /* Colors.swift in Sources */ = {isa = PBXBuildFile; fileRef = 38AABF2D29F9640100883A4F /* Colors.swift */; };
		38C581A129E6F47100941E5C /* NetworkClient.swift in Sources */ = {isa = PBXBuildFile; fileRef = 38C581A029E6F47100941E5C /* NetworkClient.swift */; };
		38C581A329E6F47F00941E5C /* Character.swift in Sources */ = {isa = PBXBuildFile; fileRef = 38C581A229E6F47F00941E5C /* Character.swift */; };
		38C581A529E6F48D00941E5C /* CharactersWorker.swift in Sources */ = {isa = PBXBuildFile; fileRef = 38C581A429E6F48D00941E5C /* CharactersWorker.swift */; };
		38DD7D2229F418BA002EA375 /* Extensions.swift in Sources */ = {isa = PBXBuildFile; fileRef = 38DD7D2129F418BA002EA375 /* Extensions.swift */; };
		463AB00A29F5BB0D008CB075 /* FavoritesTableViewCell.swift in Sources */ = {isa = PBXBuildFile; fileRef = 463AB00929F5BB0D008CB075 /* FavoritesTableViewCell.swift */; };
		463AB00C29F5BB43008CB075 /* FavoritesViewController.swift in Sources */ = {isa = PBXBuildFile; fileRef = 463AB00B29F5BB43008CB075 /* FavoritesViewController.swift */; };
		A65E29C329E9BADA00CE8BD9 /* UIColorTabBar.swift in Sources */ = {isa = PBXBuildFile; fileRef = A65E29C229E9BADA00CE8BD9 /* UIColorTabBar.swift */; };
		CE2D8AA529E1ADF2007FBACC /* AppDelegate.swift in Sources */ = {isa = PBXBuildFile; fileRef = CE2D8AA429E1ADF2007FBACC /* AppDelegate.swift */; };
		CE2D8AA729E1ADF2007FBACC /* SceneDelegate.swift in Sources */ = {isa = PBXBuildFile; fileRef = CE2D8AA629E1ADF2007FBACC /* SceneDelegate.swift */; };
		CE2D8AA929E1ADF2007FBACC /* TabBarViewController.swift in Sources */ = {isa = PBXBuildFile; fileRef = CE2D8AA829E1ADF2007FBACC /* TabBarViewController.swift */; };
		CE2D8AAE29E1ADF5007FBACC /* Assets.xcassets in Resources */ = {isa = PBXBuildFile; fileRef = CE2D8AAD29E1ADF5007FBACC /* Assets.xcassets */; };
		CE2D8AB129E1ADF5007FBACC /* LaunchScreen.storyboard in Resources */ = {isa = PBXBuildFile; fileRef = CE2D8AAF29E1ADF5007FBACC /* LaunchScreen.storyboard */; };
		CEE1874129F95AC800249467 /* CharactersViewController.swift in Sources */ = {isa = PBXBuildFile; fileRef = CEE1874029F95AC800249467 /* CharactersViewController.swift */; };
		CEE1874329F95B1100249467 /* CollectionViewCell.swift in Sources */ = {isa = PBXBuildFile; fileRef = CEE1874229F95B1100249467 /* CollectionViewCell.swift */; };
/* End PBXBuildFile section */

/* Begin PBXFileReference section */
		0424AB9F29F95A6F009BD7DF /* Episodes.swift */ = {isa = PBXFileReference; lastKnownFileType = sourcecode.swift; path = Episodes.swift; sourceTree = "<group>"; };
		0424ABA129F95A7D009BD7DF /* Location.swift */ = {isa = PBXFileReference; lastKnownFileType = sourcecode.swift; path = Location.swift; sourceTree = "<group>"; };
		0424ABA329F95AA4009BD7DF /* ViewController.swift */ = {isa = PBXFileReference; lastKnownFileType = sourcecode.swift; path = ViewController.swift; sourceTree = "<group>"; };
		0424ABA529F95AB3009BD7DF /* RegisterViewController.swift */ = {isa = PBXFileReference; lastKnownFileType = sourcecode.swift; path = RegisterViewController.swift; sourceTree = "<group>"; };
		0424ABA729F95ABE009BD7DF /* ForgotPasswordViewController.swift */ = {isa = PBXFileReference; lastKnownFileType = sourcecode.swift; path = ForgotPasswordViewController.swift; sourceTree = "<group>"; };
		0424ABAB29F95AF7009BD7DF /* Constants.swift */ = {isa = PBXFileReference; lastKnownFileType = sourcecode.swift; path = Constants.swift; sourceTree = "<group>"; };
		0424ABAE29F95B27009BD7DF /* Extentions + ViewController.swift */ = {isa = PBXFileReference; lastKnownFileType = sourcecode.swift; path = "Extentions + ViewController.swift"; sourceTree = "<group>"; };
		0424ABB029F95B36009BD7DF /* Extentions + ForgotPassword.swift */ = {isa = PBXFileReference; lastKnownFileType = sourcecode.swift; path = "Extentions + ForgotPassword.swift"; sourceTree = "<group>"; };
		0424ABB329F95B5B009BD7DF /* Extentions + RegisterViewController.swift */ = {isa = PBXFileReference; lastKnownFileType = sourcecode.swift; path = "Extentions + RegisterViewController.swift"; sourceTree = "<group>"; };
		0424ABB529F95CC4009BD7DF /* GoogleService-Info-5.plist */ = {isa = PBXFileReference; fileEncoding = 4; lastKnownFileType = text.plist.xml; path = "GoogleService-Info-5.plist"; sourceTree = "<group>"; };
		38AABF2B29F95F1100883A4F /* Settings */ = {isa = PBXFileReference; fileEncoding = 4; lastKnownFileType = text; name = Settings; path = RickAndMorty/Settings; sourceTree = SOURCE_ROOT; };
		38AABF2D29F9640100883A4F /* Colors.swift */ = {isa = PBXFileReference; fileEncoding = 4; lastKnownFileType = sourcecode.swift; path = Colors.swift; sourceTree = "<group>"; };
		38C581A029E6F47100941E5C /* NetworkClient.swift */ = {isa = PBXFileReference; lastKnownFileType = sourcecode.swift; path = NetworkClient.swift; sourceTree = "<group>"; };
		38C581A229E6F47F00941E5C /* Character.swift */ = {isa = PBXFileReference; lastKnownFileType = sourcecode.swift; path = Character.swift; sourceTree = "<group>"; };
		38C581A429E6F48D00941E5C /* CharactersWorker.swift */ = {isa = PBXFileReference; lastKnownFileType = sourcecode.swift; path = CharactersWorker.swift; sourceTree = "<group>"; };
		38DD7D2129F418BA002EA375 /* Extensions.swift */ = {isa = PBXFileReference; lastKnownFileType = sourcecode.swift; path = Extensions.swift; sourceTree = "<group>"; };
		463AB00929F5BB0D008CB075 /* FavoritesTableViewCell.swift */ = {isa = PBXFileReference; lastKnownFileType = sourcecode.swift; path = FavoritesTableViewCell.swift; sourceTree = "<group>"; };
		463AB00B29F5BB43008CB075 /* FavoritesViewController.swift */ = {isa = PBXFileReference; lastKnownFileType = sourcecode.swift; path = FavoritesViewController.swift; sourceTree = "<group>"; };
		A65E29C229E9BADA00CE8BD9 /* UIColorTabBar.swift */ = {isa = PBXFileReference; lastKnownFileType = sourcecode.swift; path = UIColorTabBar.swift; sourceTree = "<group>"; };
		CE2D8AA129E1ADF2007FBACC /* RickAndMorty.app */ = {isa = PBXFileReference; explicitFileType = wrapper.application; includeInIndex = 0; path = RickAndMorty.app; sourceTree = BUILT_PRODUCTS_DIR; };
		CE2D8AA429E1ADF2007FBACC /* AppDelegate.swift */ = {isa = PBXFileReference; lastKnownFileType = sourcecode.swift; path = AppDelegate.swift; sourceTree = "<group>"; };
		CE2D8AA629E1ADF2007FBACC /* SceneDelegate.swift */ = {isa = PBXFileReference; lastKnownFileType = sourcecode.swift; path = SceneDelegate.swift; sourceTree = "<group>"; };
		CE2D8AA829E1ADF2007FBACC /* TabBarViewController.swift */ = {isa = PBXFileReference; lastKnownFileType = sourcecode.swift; path = TabBarViewController.swift; sourceTree = "<group>"; };
		CE2D8AAD29E1ADF5007FBACC /* Assets.xcassets */ = {isa = PBXFileReference; lastKnownFileType = folder.assetcatalog; path = Assets.xcassets; sourceTree = "<group>"; };
		CE2D8AB029E1ADF5007FBACC /* Base */ = {isa = PBXFileReference; lastKnownFileType = file.storyboard; name = Base; path = Base.lproj/LaunchScreen.storyboard; sourceTree = "<group>"; };
		CE2D8AB229E1ADF5007FBACC /* Info.plist */ = {isa = PBXFileReference; lastKnownFileType = text.plist.xml; path = Info.plist; sourceTree = "<group>"; };
		CEE1874029F95AC800249467 /* CharactersViewController.swift */ = {isa = PBXFileReference; lastKnownFileType = sourcecode.swift; path = CharactersViewController.swift; sourceTree = "<group>"; };
		CEE1874229F95B1100249467 /* CollectionViewCell.swift */ = {isa = PBXFileReference; lastKnownFileType = sourcecode.swift; path = CollectionViewCell.swift; sourceTree = "<group>"; };
/* End PBXFileReference section */

/* Begin PBXFrameworksBuildPhase section */
		CE2D8A9E29E1ADF2007FBACC /* Frameworks */ = {
			isa = PBXFrameworksBuildPhase;
			buildActionMask = 2147483647;
			files = (
			);
			runOnlyForDeploymentPostprocessing = 0;
		};
/* End PBXFrameworksBuildPhase section */

/* Begin PBXGroup section */
		0424ABAA29F95AD5009BD7DF /* Constants */ = {
			isa = PBXGroup;
			children = (
				0424ABAB29F95AF7009BD7DF /* Constants.swift */,
			);
			path = Constants;
			sourceTree = "<group>";
		};
		0424ABAD29F95B03009BD7DF /* Extenstions + Views */ = {
			isa = PBXGroup;
			children = (
				0424ABAE29F95B27009BD7DF /* Extentions + ViewController.swift */,
				0424ABB029F95B36009BD7DF /* Extentions + ForgotPassword.swift */,
				0424ABB329F95B5B009BD7DF /* Extentions + RegisterViewController.swift */,
			);
			path = "Extenstions + Views";
			sourceTree = "<group>";
		};
		38C5819C29E6F14B00941E5C /* Scenes */ = {
			isa = PBXGroup;
			children = (
				463AB00729F5BAE5008CB075 /* Favorites */,
				CE2D8AA829E1ADF2007FBACC /* TabBarViewController.swift */,
				0424ABA329F95AA4009BD7DF /* ViewController.swift */,
				0424ABA529F95AB3009BD7DF /* RegisterViewController.swift */,
				0424ABA729F95ABE009BD7DF /* ForgotPasswordViewController.swift */,
				A65E29C229E9BADA00CE8BD9 /* UIColorTabBar.swift */,
				CEE1874029F95AC800249467 /* CharactersViewController.swift */,
			);
			path = Scenes;
			sourceTree = "<group>";
		};
		38C5819D29E6F15300941E5C /* Workers */ = {
			isa = PBXGroup;
			children = (
				38C581A429E6F48D00941E5C /* CharactersWorker.swift */,
				CEE1874229F95B1100249467 /* CollectionViewCell.swift */,
			);
			path = Workers;
			sourceTree = "<group>";
		};
		38C5819E29E6F16000941E5C /* Models */ = {
			isa = PBXGroup;
			children = (
				38C581A229E6F47F00941E5C /* Character.swift */,
				0424AB9F29F95A6F009BD7DF /* Episodes.swift */,
				0424ABA129F95A7D009BD7DF /* Location.swift */,
			);
			path = Models;
			sourceTree = "<group>";
		};
		38C5819F29E6F16E00941E5C /* Services */ = {
			isa = PBXGroup;
			children = (
				38C581A029E6F47100941E5C /* NetworkClient.swift */,
			);
			path = Services;
			sourceTree = "<group>";
		};
		463AB00729F5BAE5008CB075 /* Favorites */ = {
			isa = PBXGroup;
			children = (
				463AB00829F5BAF7008CB075 /* Components */,
				463AB00B29F5BB43008CB075 /* FavoritesViewController.swift */,
			);
			path = Favorites;
			sourceTree = "<group>";
		};
		463AB00829F5BAF7008CB075 /* Components */ = {
			isa = PBXGroup;
			children = (
				463AB00929F5BB0D008CB075 /* FavoritesTableViewCell.swift */,
			);
			path = Components;
			sourceTree = "<group>";
		};
		A65E29B629E6F53400CE8BD9 /* App */ = {
			isa = PBXGroup;
			children = (
				CE2D8AA429E1ADF2007FBACC /* AppDelegate.swift */,
				CE2D8AA629E1ADF2007FBACC /* SceneDelegate.swift */,
			);
			path = App;
			sourceTree = "<group>";
		};
		A65E29B729E6F59200CE8BD9 /* Resources */ = {
			isa = PBXGroup;
			children = (
				CE2D8AAF29E1ADF5007FBACC /* LaunchScreen.storyboard */,
				CE2D8AB229E1ADF5007FBACC /* Info.plist */,
				CE2D8AAD29E1ADF5007FBACC /* Assets.xcassets */,
				0424ABB529F95CC4009BD7DF /* GoogleService-Info-5.plist */,
			);
			path = Resources;
			sourceTree = "<group>";
		};
		CE2D8A9829E1ADF2007FBACC = {
			isa = PBXGroup;
			children = (
				CE2D8AA329E1ADF2007FBACC /* RickAndMorty */,
				CE2D8AA229E1ADF2007FBACC /* Products */,
			);
			sourceTree = "<group>";
		};
		CE2D8AA229E1ADF2007FBACC /* Products */ = {
			isa = PBXGroup;
			children = (
				CE2D8AA129E1ADF2007FBACC /* RickAndMorty.app */,
			);
			name = Products;
			sourceTree = "<group>";
		};
		CE2D8AA329E1ADF2007FBACC /* RickAndMorty */ = {
			isa = PBXGroup;
			children = (
				38AABF2D29F9640100883A4F /* Colors.swift */,
				38DD7D2129F418BA002EA375 /* Extensions.swift */,
				0424ABAA29F95AD5009BD7DF /* Constants */,
				38C5819F29E6F16E00941E5C /* Services */,
				38AABF2B29F95F1100883A4F /* Settings */,
				38C5819E29E6F16000941E5C /* Models */,
				38C5819D29E6F15300941E5C /* Workers */,
				38C5819C29E6F14B00941E5C /* Scenes */,
				0424ABAD29F95B03009BD7DF /* Extenstions + Views */,
				A65E29B729E6F59200CE8BD9 /* Resources */,
				A65E29B629E6F53400CE8BD9 /* App */,
			);
			path = RickAndMorty;
			sourceTree = "<group>";
		};
/* End PBXGroup section */

/* Begin PBXNativeTarget section */
		CE2D8AA029E1ADF2007FBACC /* RickAndMorty */ = {
			isa = PBXNativeTarget;
			buildConfigurationList = CE2D8AB529E1ADF5007FBACC /* Build configuration list for PBXNativeTarget "RickAndMorty" */;
			buildPhases = (
				CE2D8A9D29E1ADF2007FBACC /* Sources */,
				CE2D8A9E29E1ADF2007FBACC /* Frameworks */,
				CE2D8A9F29E1ADF2007FBACC /* Resources */,
			);
			buildRules = (
			);
			dependencies = (
			);
			name = RickAndMorty;
			productName = RickAndMorty;
			productReference = CE2D8AA129E1ADF2007FBACC /* RickAndMorty.app */;
			productType = "com.apple.product-type.application";
		};
/* End PBXNativeTarget section */

/* Begin PBXProject section */
		CE2D8A9929E1ADF2007FBACC /* Project object */ = {
			isa = PBXProject;
			attributes = {
				BuildIndependentTargetsInParallel = 1;
				LastSwiftUpdateCheck = 1420;
				LastUpgradeCheck = 1420;
				TargetAttributes = {
					CE2D8AA029E1ADF2007FBACC = {
						CreatedOnToolsVersion = 14.2;
					};
				};
			};
			buildConfigurationList = CE2D8A9C29E1ADF2007FBACC /* Build configuration list for PBXProject "RickAndMorty" */;
			compatibilityVersion = "Xcode 14.0";
			developmentRegion = en;
			hasScannedForEncodings = 0;
			knownRegions = (
				en,
				Base,
			);
			mainGroup = CE2D8A9829E1ADF2007FBACC;
			productRefGroup = CE2D8AA229E1ADF2007FBACC /* Products */;
			projectDirPath = "";
			projectRoot = "";
			targets = (
				CE2D8AA029E1ADF2007FBACC /* RickAndMorty */,
			);
		};
/* End PBXProject section */

/* Begin PBXResourcesBuildPhase section */
		CE2D8A9F29E1ADF2007FBACC /* Resources */ = {
			isa = PBXResourcesBuildPhase;
			buildActionMask = 2147483647;
			files = (
				CE2D8AB129E1ADF5007FBACC /* LaunchScreen.storyboard in Resources */,
				38AABF2C29F95F1100883A4F /* Settings in Resources */,
				0424ABB629F95CC4009BD7DF /* GoogleService-Info-5.plist in Resources */,
				CE2D8AAE29E1ADF5007FBACC /* Assets.xcassets in Resources */,
			);
			runOnlyForDeploymentPostprocessing = 0;
		};
/* End PBXResourcesBuildPhase section */

/* Begin PBXSourcesBuildPhase section */
		CE2D8A9D29E1ADF2007FBACC /* Sources */ = {
			isa = PBXSourcesBuildPhase;
			buildActionMask = 2147483647;
			files = (
				CEE1874329F95B1100249467 /* CollectionViewCell.swift in Sources */,
				38AABF2E29F9640100883A4F /* Colors.swift in Sources */,
				CE2D8AA929E1ADF2007FBACC /* TabBarViewController.swift in Sources */,
				463AB00A29F5BB0D008CB075 /* FavoritesTableViewCell.swift in Sources */,
				38C581A529E6F48D00941E5C /* CharactersWorker.swift in Sources */,
				0424ABAF29F95B27009BD7DF /* Extentions + ViewController.swift in Sources */,
				0424ABA229F95A7D009BD7DF /* Location.swift in Sources */,
				0424ABB129F95B36009BD7DF /* Extentions + ForgotPassword.swift in Sources */,
				0424ABA629F95AB3009BD7DF /* RegisterViewController.swift in Sources */,
				CE2D8AA529E1ADF2007FBACC /* AppDelegate.swift in Sources */,
				0424ABA429F95AA4009BD7DF /* ViewController.swift in Sources */,
				0424ABB429F95B5B009BD7DF /* Extentions + RegisterViewController.swift in Sources */,
				0424ABA029F95A6F009BD7DF /* Episodes.swift in Sources */,
				38DD7D2229F418BA002EA375 /* Extensions.swift in Sources */,
				A65E29C329E9BADA00CE8BD9 /* UIColorTabBar.swift in Sources */,
				38C581A329E6F47F00941E5C /* Character.swift in Sources */,
				0424ABA829F95ABE009BD7DF /* ForgotPasswordViewController.swift in Sources */,
				0424ABAC29F95AF7009BD7DF /* Constants.swift in Sources */,
				CE2D8AA729E1ADF2007FBACC /* SceneDelegate.swift in Sources */,
				463AB00C29F5BB43008CB075 /* FavoritesViewController.swift in Sources */,
				38C581A129E6F47100941E5C /* NetworkClient.swift in Sources */,
				CEE1874129F95AC800249467 /* CharactersViewController.swift in Sources */,
			);
			runOnlyForDeploymentPostprocessing = 0;
		};
/* End PBXSourcesBuildPhase section */

/* Begin PBXVariantGroup section */
		CE2D8AAF29E1ADF5007FBACC /* LaunchScreen.storyboard */ = {
			isa = PBXVariantGroup;
			children = (
				CE2D8AB029E1ADF5007FBACC /* Base */,
			);
			name = LaunchScreen.storyboard;
			sourceTree = "<group>";
		};
/* End PBXVariantGroup section */

/* Begin XCBuildConfiguration section */
		CE2D8AB329E1ADF5007FBACC /* Debug */ = {
			isa = XCBuildConfiguration;
			buildSettings = {
				ALWAYS_SEARCH_USER_PATHS = NO;
				CLANG_ANALYZER_NONNULL = YES;
				CLANG_ANALYZER_NUMBER_OBJECT_CONVERSION = YES_AGGRESSIVE;
				CLANG_CXX_LANGUAGE_STANDARD = "gnu++20";
				CLANG_ENABLE_MODULES = YES;
				CLANG_ENABLE_OBJC_ARC = YES;
				CLANG_ENABLE_OBJC_WEAK = YES;
				CLANG_WARN_BLOCK_CAPTURE_AUTORELEASING = YES;
				CLANG_WARN_BOOL_CONVERSION = YES;
				CLANG_WARN_COMMA = YES;
				CLANG_WARN_CONSTANT_CONVERSION = YES;
				CLANG_WARN_DEPRECATED_OBJC_IMPLEMENTATIONS = YES;
				CLANG_WARN_DIRECT_OBJC_ISA_USAGE = YES_ERROR;
				CLANG_WARN_DOCUMENTATION_COMMENTS = YES;
				CLANG_WARN_EMPTY_BODY = YES;
				CLANG_WARN_ENUM_CONVERSION = YES;
				CLANG_WARN_INFINITE_RECURSION = YES;
				CLANG_WARN_INT_CONVERSION = YES;
				CLANG_WARN_NON_LITERAL_NULL_CONVERSION = YES;
				CLANG_WARN_OBJC_IMPLICIT_RETAIN_SELF = YES;
				CLANG_WARN_OBJC_LITERAL_CONVERSION = YES;
				CLANG_WARN_OBJC_ROOT_CLASS = YES_ERROR;
				CLANG_WARN_QUOTED_INCLUDE_IN_FRAMEWORK_HEADER = YES;
				CLANG_WARN_RANGE_LOOP_ANALYSIS = YES;
				CLANG_WARN_STRICT_PROTOTYPES = YES;
				CLANG_WARN_SUSPICIOUS_MOVE = YES;
				CLANG_WARN_UNGUARDED_AVAILABILITY = YES_AGGRESSIVE;
				CLANG_WARN_UNREACHABLE_CODE = YES;
				CLANG_WARN__DUPLICATE_METHOD_MATCH = YES;
				COPY_PHASE_STRIP = NO;
				DEBUG_INFORMATION_FORMAT = dwarf;
				ENABLE_STRICT_OBJC_MSGSEND = YES;
				ENABLE_TESTABILITY = YES;
				GCC_C_LANGUAGE_STANDARD = gnu11;
				GCC_DYNAMIC_NO_PIC = NO;
				GCC_NO_COMMON_BLOCKS = YES;
				GCC_OPTIMIZATION_LEVEL = 0;
				GCC_PREPROCESSOR_DEFINITIONS = (
					"DEBUG=1",
					"$(inherited)",
				);
				GCC_WARN_64_TO_32_BIT_CONVERSION = YES;
				GCC_WARN_ABOUT_RETURN_TYPE = YES_ERROR;
				GCC_WARN_UNDECLARED_SELECTOR = YES;
				GCC_WARN_UNINITIALIZED_AUTOS = YES_AGGRESSIVE;
				GCC_WARN_UNUSED_FUNCTION = YES;
				GCC_WARN_UNUSED_VARIABLE = YES;
				IPHONEOS_DEPLOYMENT_TARGET = 16.2;
				MTL_ENABLE_DEBUG_INFO = INCLUDE_SOURCE;
				MTL_FAST_MATH = YES;
				ONLY_ACTIVE_ARCH = YES;
				SDKROOT = iphoneos;
				SWIFT_ACTIVE_COMPILATION_CONDITIONS = DEBUG;
				SWIFT_OPTIMIZATION_LEVEL = "-Onone";
			};
			name = Debug;
		};
		CE2D8AB429E1ADF5007FBACC /* Release */ = {
			isa = XCBuildConfiguration;
			buildSettings = {
				ALWAYS_SEARCH_USER_PATHS = NO;
				CLANG_ANALYZER_NONNULL = YES;
				CLANG_ANALYZER_NUMBER_OBJECT_CONVERSION = YES_AGGRESSIVE;
				CLANG_CXX_LANGUAGE_STANDARD = "gnu++20";
				CLANG_ENABLE_MODULES = YES;
				CLANG_ENABLE_OBJC_ARC = YES;
				CLANG_ENABLE_OBJC_WEAK = YES;
				CLANG_WARN_BLOCK_CAPTURE_AUTORELEASING = YES;
				CLANG_WARN_BOOL_CONVERSION = YES;
				CLANG_WARN_COMMA = YES;
				CLANG_WARN_CONSTANT_CONVERSION = YES;
				CLANG_WARN_DEPRECATED_OBJC_IMPLEMENTATIONS = YES;
				CLANG_WARN_DIRECT_OBJC_ISA_USAGE = YES_ERROR;
				CLANG_WARN_DOCUMENTATION_COMMENTS = YES;
				CLANG_WARN_EMPTY_BODY = YES;
				CLANG_WARN_ENUM_CONVERSION = YES;
				CLANG_WARN_INFINITE_RECURSION = YES;
				CLANG_WARN_INT_CONVERSION = YES;
				CLANG_WARN_NON_LITERAL_NULL_CONVERSION = YES;
				CLANG_WARN_OBJC_IMPLICIT_RETAIN_SELF = YES;
				CLANG_WARN_OBJC_LITERAL_CONVERSION = YES;
				CLANG_WARN_OBJC_ROOT_CLASS = YES_ERROR;
				CLANG_WARN_QUOTED_INCLUDE_IN_FRAMEWORK_HEADER = YES;
				CLANG_WARN_RANGE_LOOP_ANALYSIS = YES;
				CLANG_WARN_STRICT_PROTOTYPES = YES;
				CLANG_WARN_SUSPICIOUS_MOVE = YES;
				CLANG_WARN_UNGUARDED_AVAILABILITY = YES_AGGRESSIVE;
				CLANG_WARN_UNREACHABLE_CODE = YES;
				CLANG_WARN__DUPLICATE_METHOD_MATCH = YES;
				COPY_PHASE_STRIP = NO;
				DEBUG_INFORMATION_FORMAT = "dwarf-with-dsym";
				ENABLE_NS_ASSERTIONS = NO;
				ENABLE_STRICT_OBJC_MSGSEND = YES;
				GCC_C_LANGUAGE_STANDARD = gnu11;
				GCC_NO_COMMON_BLOCKS = YES;
				GCC_WARN_64_TO_32_BIT_CONVERSION = YES;
				GCC_WARN_ABOUT_RETURN_TYPE = YES_ERROR;
				GCC_WARN_UNDECLARED_SELECTOR = YES;
				GCC_WARN_UNINITIALIZED_AUTOS = YES_AGGRESSIVE;
				GCC_WARN_UNUSED_FUNCTION = YES;
				GCC_WARN_UNUSED_VARIABLE = YES;
				IPHONEOS_DEPLOYMENT_TARGET = 16.2;
				MTL_ENABLE_DEBUG_INFO = NO;
				MTL_FAST_MATH = YES;
				SDKROOT = iphoneos;
				SWIFT_COMPILATION_MODE = wholemodule;
				SWIFT_OPTIMIZATION_LEVEL = "-O";
				VALIDATE_PRODUCT = YES;
			};
			name = Release;
		};
		CE2D8AB629E1ADF5007FBACC /* Debug */ = {
			isa = XCBuildConfiguration;
			buildSettings = {
				ASSETCATALOG_COMPILER_APPICON_NAME = AppIcon;
				ASSETCATALOG_COMPILER_GLOBAL_ACCENT_COLOR_NAME = AccentColor;
				CODE_SIGN_STYLE = Automatic;
				CURRENT_PROJECT_VERSION = 1;
				DEVELOPMENT_TEAM = 9U29FTW386;
				GENERATE_INFOPLIST_FILE = YES;
				INFOPLIST_FILE = RickAndMorty/Info.plist;
				INFOPLIST_KEY_UIApplicationSupportsIndirectInputEvents = YES;
				INFOPLIST_KEY_UILaunchStoryboardName = LaunchScreen;
				INFOPLIST_KEY_UISupportedInterfaceOrientations_iPad = "UIInterfaceOrientationPortrait UIInterfaceOrientationPortraitUpsideDown UIInterfaceOrientationLandscapeLeft UIInterfaceOrientationLandscapeRight";
				INFOPLIST_KEY_UISupportedInterfaceOrientations_iPhone = "UIInterfaceOrientationPortrait UIInterfaceOrientationLandscapeLeft UIInterfaceOrientationLandscapeRight";
				LD_RUNPATH_SEARCH_PATHS = (
					"$(inherited)",
					"@executable_path/Frameworks",
				);
				MARKETING_VERSION = 1.0;
				PRODUCT_BUNDLE_IDENTIFIER = kg.geektech.RickAndMorty;
				PRODUCT_NAME = "$(TARGET_NAME)";
				SWIFT_EMIT_LOC_STRINGS = YES;
				SWIFT_VERSION = 5.0;
				TARGETED_DEVICE_FAMILY = "1,2";
			};
			name = Debug;
		};
		CE2D8AB729E1ADF5007FBACC /* Release */ = {
			isa = XCBuildConfiguration;
			buildSettings = {
				ASSETCATALOG_COMPILER_APPICON_NAME = AppIcon;
				ASSETCATALOG_COMPILER_GLOBAL_ACCENT_COLOR_NAME = AccentColor;
				CODE_SIGN_STYLE = Automatic;
				CURRENT_PROJECT_VERSION = 1;
				DEVELOPMENT_TEAM = 9U29FTW386;
				GENERATE_INFOPLIST_FILE = YES;
				INFOPLIST_FILE = RickAndMorty/Info.plist;
				INFOPLIST_KEY_UIApplicationSupportsIndirectInputEvents = YES;
				INFOPLIST_KEY_UILaunchStoryboardName = LaunchScreen;
				INFOPLIST_KEY_UISupportedInterfaceOrientations_iPad = "UIInterfaceOrientationPortrait UIInterfaceOrientationPortraitUpsideDown UIInterfaceOrientationLandscapeLeft UIInterfaceOrientationLandscapeRight";
				INFOPLIST_KEY_UISupportedInterfaceOrientations_iPhone = "UIInterfaceOrientationPortrait UIInterfaceOrientationLandscapeLeft UIInterfaceOrientationLandscapeRight";
				LD_RUNPATH_SEARCH_PATHS = (
					"$(inherited)",
					"@executable_path/Frameworks",
				);
				MARKETING_VERSION = 1.0;
				PRODUCT_BUNDLE_IDENTIFIER = kg.geektech.RickAndMorty;
				PRODUCT_NAME = "$(TARGET_NAME)";
				SWIFT_EMIT_LOC_STRINGS = YES;
				SWIFT_VERSION = 5.0;
				TARGETED_DEVICE_FAMILY = "1,2";
			};
			name = Release;
		};
/* End XCBuildConfiguration section */

/* Begin XCConfigurationList section */
		CE2D8A9C29E1ADF2007FBACC /* Build configuration list for PBXProject "RickAndMorty" */ = {
			isa = XCConfigurationList;
			buildConfigurations = (
				CE2D8AB329E1ADF5007FBACC /* Debug */,
				CE2D8AB429E1ADF5007FBACC /* Release */,
			);
			defaultConfigurationIsVisible = 0;
			defaultConfigurationName = Release;
		};
		CE2D8AB529E1ADF5007FBACC /* Build configuration list for PBXNativeTarget "RickAndMorty" */ = {
			isa = XCConfigurationList;
			buildConfigurations = (
				CE2D8AB629E1ADF5007FBACC /* Debug */,
				CE2D8AB729E1ADF5007FBACC /* Release */,
			);
			defaultConfigurationIsVisible = 0;
			defaultConfigurationName = Release;
		};
/* End XCConfigurationList section */
	};
	rootObject = CE2D8A9929E1ADF2007FBACC /* Project object */;
}
